
Microsoft Visual Studio Solution File, Format Version 12.00
# Visual Studio Version 16
VisualStudioVersion = 16.0.30011.22
MinimumVisualStudioVersion = 10.0.40219.1
Project("{8BC9CEB8-8B4A-11D0-8D11-00A0C91BC942}") = "linkedlist", "linkedlist.vcxproj", "{DAAA818E-BB67-43A7-8171-727A8942F966}"
EndProject
Global
	GlobalSection(SolutionConfigurationPlatforms) = preSolution
		Debug|x64 = Debug|x64
		Debug|x86 = Debug|x86
		Release|x64 = Release|x64
		Release|x86 = Release|x86
	EndGlobalSection
	GlobalSection(ProjectConfigurationPlatforms) = postSolution
		{DAAA818E-BB67-43A7-8171-727A8942F966}.Debug|x64.ActiveCfg = Debug|x64
		{DAAA818E-BB67-43A7-8171-727A8942F966}.Debug|x64.Build.0 = Debug|x64
		{DAAA818E-BB67-43A7-8171-727A8942F966}.Debug|x86.ActiveCfg = Debug|Win32
		{DAAA818E-BB67-43A7-8171-727A8942F966}.Debug|x86.Build.0 = Debug|Win32
		{DAAA818E-BB67-43A7-8171-727A8942F966}.Release|x64.ActiveCfg = Release|x64
		{DAAA818E-BB67-43A7-8171-727A8942F966}.Release|x64.Build.0 = Release|x64
		{DAAA818E-BB67-43A7-8171-727A8942F966}.Release|x86.ActiveCfg = Release|Win32
		{DAAA818E-BB67-43A7-8171-727A8942F966}.Release|x86.Build.0 = Release|Win32
	EndGlobalSection
	GlobalSection(SolutionProperties) = preSolution
		HideSolutionNode = FALSE
	EndGlobalSection
	GlobalSection(ExtensibilityGlobals) = postSolution
		SolutionGuid = {EA5027D1-CDDA-41F9-916C-DF1594573FD8}
	EndGlobalSection
EndGlobal
